
Microsoft Visual Studio Solution File, Format Version 12.00
# Visual Studio Version 17
VisualStudioVersion = 17.11.35303.130
MinimumVisualStudioVersion = 10.0.40219.1
Project("{8BC9CEB8-8B4A-11D0-8D11-00A0C91BC942}") = "lab 5.4", "lab 5.4.vcxproj", "{9847EA74-9DB1-4D85-8074-E09D6510ECF8}"
EndProject
Global
	GlobalSection(SolutionConfigurationPlatforms) = preSolution
		Debug|x64 = Debug|x64
		Debug|x86 = Debug|x86
		Release|x64 = Release|x64
		Release|x86 = Release|x86
	EndGlobalSection
	GlobalSection(ProjectConfigurationPlatforms) = postSolution
		{9847EA74-9DB1-4D85-8074-E09D6510ECF8}.Debug|x64.ActiveCfg = Debug|x64
		{9847EA74-9DB1-4D85-8074-E09D6510ECF8}.Debug|x64.Build.0 = Debug|x64
		{9847EA74-9DB1-4D85-8074-E09D6510ECF8}.Debug|x86.ActiveCfg = Debug|Win32
		{9847EA74-9DB1-4D85-8074-E09D6510ECF8}.Debug|x86.Build.0 = Debug|Win32
		{9847EA74-9DB1-4D85-8074-E09D6510ECF8}.Release|x64.ActiveCfg = Release|x64
		{9847EA74-9DB1-4D85-8074-E09D6510ECF8}.Release|x64.Build.0 = Release|x64
		{9847EA74-9DB1-4D85-8074-E09D6510ECF8}.Release|x86.ActiveCfg = Release|Win32
		{9847EA74-9DB1-4D85-8074-E09D6510ECF8}.Release|x86.Build.0 = Release|Win32
	EndGlobalSection
	GlobalSection(SolutionProperties) = preSolution
		HideSolutionNode = FALSE
	EndGlobalSection
	GlobalSection(ExtensibilityGlobals) = postSolution
		SolutionGuid = {E686E376-E2EE-4D21-9EDB-6F9D6854915B}
	EndGlobalSection
EndGlobal
